
Microsoft Visual Studio Solution File, Format Version 12.00
# Visual Studio Version 17
VisualStudioVersion = 17.0.32112.339
MinimumVisualStudioVersion = 10.0.40219.1
Project("{8BC9CEB8-8B4A-11D0-8D11-00A0C91BC942}") = "PresentationVideoPlayer", "PresentationVideoPlayer\PresentationVideoPlayer.vcxproj", "{189ACA30-1BA8-4DCA-9CFE-6DDE95349B58}"
EndProject
Global
	GlobalSection(SolutionConfigurationPlatforms) = preSolution
		Debug|x64 = Debug|x64
		Debug|x86 = Debug|x86
		Release|x64 = Release|x64
		Release|x86 = Release|x86
	EndGlobalSection
	GlobalSection(ProjectConfigurationPlatforms) = postSolution
		{189ACA30-1BA8-4DCA-9CFE-6DDE95349B58}.Debug|x64.ActiveCfg = Debug|x64
		{189ACA30-1BA8-4DCA-9CFE-6DDE95349B58}.Debug|x64.Build.0 = Debug|x64
		{189ACA30-1BA8-4DCA-9CFE-6DDE95349B58}.Debug|x86.ActiveCfg = Debug|Win32
		{189ACA30-1BA8-4DCA-9CFE-6DDE95349B58}.Debug|x86.Build.0 = Debug|Win32
		{189ACA30-1BA8-4DCA-9CFE-6DDE95349B58}.Release|x64.ActiveCfg = Release|x64
		{189ACA30-1BA8-4DCA-9CFE-6DDE95349B58}.Release|x64.Build.0 = Release|x64
		{189ACA30-1BA8-4DCA-9CFE-6DDE95349B58}.Release|x86.ActiveCfg = Release|Win32
		{189ACA30-1BA8-4DCA-9CFE-6DDE95349B58}.Release|x86.Build.0 = Release|Win32
	EndGlobalSection
	GlobalSection(SolutionProperties) = preSolution
		HideSolutionNode = FALSE
	EndGlobalSection
	GlobalSection(ExtensibilityGlobals) = postSolution
		SolutionGuid = {6510CD5C-8477-479D-B3E5-FBB96578DDA2}
	EndGlobalSection
EndGlobal
